# This file is automatically @generated by Cargo.
# It is not intended for manual editing.
[[package]]
name = "arguably"
version = "0.8.0"
source = "registry+https://github.com/rust-lang/crates.io-index"
checksum = "6f95074198db147318d5796d7dd0e99492866ebb4d373dde127dc19c98d7542e"

[[package]]
name = "vimv"
version = "0.1.0"
dependencies = [
 "arguably",
]
